
Microsoft Visual Studio Solution File, Format Version 12.00
# Visual Studio Version 17
VisualStudioVersion = 17.9.34714.143
MinimumVisualStudioVersion = 10.0.40219.1
Project("{8BC9CEB8-8B4A-11D0-8D11-00A0C91BC942}") = "Date", "Date\Date.vcxproj", "{129A99EC-C9D6-4472-84D9-F5A1086C6C51}"
EndProject
Global
	GlobalSection(SolutionConfigurationPlatforms) = preSolution
		Debug|x64 = Debug|x64
		Debug|x86 = Debug|x86
		Release|x64 = Release|x64
		Release|x86 = Release|x86
	EndGlobalSection
	GlobalSection(ProjectConfigurationPlatforms) = postSolution
		{129A99EC-C9D6-4472-84D9-F5A1086C6C51}.Debug|x64.ActiveCfg = Debug|x64
		{129A99EC-C9D6-4472-84D9-F5A1086C6C51}.Debug|x64.Build.0 = Debug|x64
		{129A99EC-C9D6-4472-84D9-F5A1086C6C51}.Debug|x86.ActiveCfg = Debug|Win32
		{129A99EC-C9D6-4472-84D9-F5A1086C6C51}.Debug|x86.Build.0 = Debug|Win32
		{129A99EC-C9D6-4472-84D9-F5A1086C6C51}.Release|x64.ActiveCfg = Release|x64
		{129A99EC-C9D6-4472-84D9-F5A1086C6C51}.Release|x64.Build.0 = Release|x64
		{129A99EC-C9D6-4472-84D9-F5A1086C6C51}.Release|x86.ActiveCfg = Release|Win32
		{129A99EC-C9D6-4472-84D9-F5A1086C6C51}.Release|x86.Build.0 = Release|Win32
	EndGlobalSection
	GlobalSection(SolutionProperties) = preSolution
		HideSolutionNode = FALSE
	EndGlobalSection
	GlobalSection(ExtensibilityGlobals) = postSolution
		SolutionGuid = {E366C37D-2949-4464-8AD3-8D7CC32A415A}
	EndGlobalSection
EndGlobal
