
Microsoft Visual Studio Solution File, Format Version 12.00
# Visual Studio Version 17
VisualStudioVersion = 17.9.34714.143
MinimumVisualStudioVersion = 10.0.40219.1
Project("{8BC9CEB8-8B4A-11D0-8D11-00A0C91BC942}") = "MyList", "MyList\MyList.vcxproj", "{C7CD0E4D-34EA-435D-AE35-996247B49437}"
EndProject
Global
	GlobalSection(SolutionConfigurationPlatforms) = preSolution
		Debug|x64 = Debug|x64
		Debug|x86 = Debug|x86
		Release|x64 = Release|x64
		Release|x86 = Release|x86
	EndGlobalSection
	GlobalSection(ProjectConfigurationPlatforms) = postSolution
		{C7CD0E4D-34EA-435D-AE35-996247B49437}.Debug|x64.ActiveCfg = Debug|x64
		{C7CD0E4D-34EA-435D-AE35-996247B49437}.Debug|x64.Build.0 = Debug|x64
		{C7CD0E4D-34EA-435D-AE35-996247B49437}.Debug|x86.ActiveCfg = Debug|Win32
		{C7CD0E4D-34EA-435D-AE35-996247B49437}.Debug|x86.Build.0 = Debug|Win32
		{C7CD0E4D-34EA-435D-AE35-996247B49437}.Release|x64.ActiveCfg = Release|x64
		{C7CD0E4D-34EA-435D-AE35-996247B49437}.Release|x64.Build.0 = Release|x64
		{C7CD0E4D-34EA-435D-AE35-996247B49437}.Release|x86.ActiveCfg = Release|Win32
		{C7CD0E4D-34EA-435D-AE35-996247B49437}.Release|x86.Build.0 = Release|Win32
	EndGlobalSection
	GlobalSection(SolutionProperties) = preSolution
		HideSolutionNode = FALSE
	EndGlobalSection
	GlobalSection(ExtensibilityGlobals) = postSolution
		SolutionGuid = {D2619038-6D05-4592-B07F-853644FAE7C2}
	EndGlobalSection
EndGlobal
